
Microsoft Visual Studio Solution File, Format Version 12.00
# Visual Studio Version 17
VisualStudioVersion = 17.3.32901.215
MinimumVisualStudioVersion = 10.0.40219.1
Project("{9A19103F-16F7-4668-BE54-9A1E7A4F7556}") = "SevStudentsApp", "SevStudentsApp\SevStudentsApp.csproj", "{95151370-B7D9-4A78-AF3B-00D64D8F0C1B}"
EndProject
Global
	GlobalSection(SolutionConfigurationPlatforms) = preSolution
		Debug|Any CPU = Debug|Any CPU
		Release|Any CPU = Release|Any CPU
	EndGlobalSection
	GlobalSection(ProjectConfigurationPlatforms) = postSolution
		{95151370-B7D9-4A78-AF3B-00D64D8F0C1B}.Debug|Any CPU.ActiveCfg = Debug|Any CPU
		{95151370-B7D9-4A78-AF3B-00D64D8F0C1B}.Debug|Any CPU.Build.0 = Debug|Any CPU
		{95151370-B7D9-4A78-AF3B-00D64D8F0C1B}.Release|Any CPU.ActiveCfg = Release|Any CPU
		{95151370-B7D9-4A78-AF3B-00D64D8F0C1B}.Release|Any CPU.Build.0 = Release|Any CPU
	EndGlobalSection
	GlobalSection(SolutionProperties) = preSolution
		HideSolutionNode = FALSE
	EndGlobalSection
	GlobalSection(ExtensibilityGlobals) = postSolution
		SolutionGuid = {FDFBEE12-C5DB-426A-B8D0-1C4FDC902C2F}
	EndGlobalSection
EndGlobal
